
Microsoft Visual Studio Solution File, Format Version 12.00
# Visual Studio Version 17
VisualStudioVersion = 17.2.32526.322
MinimumVisualStudioVersion = 10.0.40219.1
Project("{9A19103F-16F7-4668-BE54-9A1E7A4F7556}") = "Sudoku.Web", "Sudoku.Web\Sudoku.Web.csproj", "{2F539320-01BE-4414-A0F1-77B11FEA469D}"
EndProject
Project("{9A19103F-16F7-4668-BE54-9A1E7A4F7556}") = "Sudoku.Api", "Sudoku.Api\Sudoku.Api.csproj", "{829443A7-3A43-4C79-AFF4-F2B083A0E0EF}"
EndProject
Project("{9A19103F-16F7-4668-BE54-9A1E7A4F7556}") = "Sudoku.Models", "Sudoku.Models\Sudoku.Models.csproj", "{3A49A82E-B4DD-4BAC-B6FC-5CF5A4D39240}"
EndProject
Global
	GlobalSection(SolutionConfigurationPlatforms) = preSolution
		Debug|Any CPU = Debug|Any CPU
		Release|Any CPU = Release|Any CPU
	EndGlobalSection
	GlobalSection(ProjectConfigurationPlatforms) = postSolution
		{2F539320-01BE-4414-A0F1-77B11FEA469D}.Debug|Any CPU.ActiveCfg = Debug|Any CPU
		{2F539320-01BE-4414-A0F1-77B11FEA469D}.Debug|Any CPU.Build.0 = Debug|Any CPU
		{2F539320-01BE-4414-A0F1-77B11FEA469D}.Release|Any CPU.ActiveCfg = Release|Any CPU
		{2F539320-01BE-4414-A0F1-77B11FEA469D}.Release|Any CPU.Build.0 = Release|Any CPU
		{829443A7-3A43-4C79-AFF4-F2B083A0E0EF}.Debug|Any CPU.ActiveCfg = Debug|Any CPU
		{829443A7-3A43-4C79-AFF4-F2B083A0E0EF}.Debug|Any CPU.Build.0 = Debug|Any CPU
		{829443A7-3A43-4C79-AFF4-F2B083A0E0EF}.Release|Any CPU.ActiveCfg = Release|Any CPU
		{829443A7-3A43-4C79-AFF4-F2B083A0E0EF}.Release|Any CPU.Build.0 = Release|Any CPU
		{3A49A82E-B4DD-4BAC-B6FC-5CF5A4D39240}.Debug|Any CPU.ActiveCfg = Debug|Any CPU
		{3A49A82E-B4DD-4BAC-B6FC-5CF5A4D39240}.Debug|Any CPU.Build.0 = Debug|Any CPU
		{3A49A82E-B4DD-4BAC-B6FC-5CF5A4D39240}.Release|Any CPU.ActiveCfg = Release|Any CPU
		{3A49A82E-B4DD-4BAC-B6FC-5CF5A4D39240}.Release|Any CPU.Build.0 = Release|Any CPU
	EndGlobalSection
	GlobalSection(SolutionProperties) = preSolution
		HideSolutionNode = FALSE
	EndGlobalSection
	GlobalSection(ExtensibilityGlobals) = postSolution
		SolutionGuid = {1FCA777F-F8C8-42C4-9229-523FD793ECB4}
	EndGlobalSection
EndGlobal
